// !$*UTF8*$!
{
	archiveVersion = 1;
	classes = {
	};
	objectVersion = 50;
	objects = {

/* Begin PBXBuildFile section */
		0826B5B6261F2F0C0017B480 /* HerbiaryDetails.swift in Sources */ = {isa = PBXBuildFile; fileRef = 0826B5B5261F2F0C0017B480 /* HerbiaryDetails.swift */; };
		0826B5B8261F2F730017B480 /* HerbiaryDetailView.swift in Sources */ = {isa = PBXBuildFile; fileRef = 0826B5B7261F2F730017B480 /* HerbiaryDetailView.swift */; };
		08509680260BB2AE00D7668C /* LoginPage.swift in Sources */ = {isa = PBXBuildFile; fileRef = 0850967F260BB2AE00D7668C /* LoginPage.swift */; };
		08509682260BB35100D7668C /* DataManager.swift in Sources */ = {isa = PBXBuildFile; fileRef = 08509681260BB35100D7668C /* DataManager.swift */; };
		08509684260BEBE500D7668C /* CalculatorPage.swift in Sources */ = {isa = PBXBuildFile; fileRef = 08509683260BEBE500D7668C /* CalculatorPage.swift */; };
		08509686260BFEE300D7668C /* CalculatorDetails.swift in Sources */ = {isa = PBXBuildFile; fileRef = 08509685260BFEE300D7668C /* CalculatorDetails.swift */; };
		0850968B260CCF7400D7668C /* DetailView.swift in Sources */ = {isa = PBXBuildFile; fileRef = 0850968A260CCF7400D7668C /* DetailView.swift */; };
		0850968D260D059500D7668C /* CalendarPage.swift in Sources */ = {isa = PBXBuildFile; fileRef = 0850968C260D059500D7668C /* CalendarPage.swift */; };
		0898F7B1263C62F80083FE10 /* HerbiaryUI .swift in Sources */ = {isa = PBXBuildFile; fileRef = 0898F7B0263C62F80083FE10 /* HerbiaryUI .swift */; };
		0898F7B3263C63380083FE10 /* SettingsUI .swift in Sources */ = {isa = PBXBuildFile; fileRef = 0898F7B2263C63380083FE10 /* SettingsUI .swift */; };
		0898F7B5263C63510083FE10 /* SettingsDetails.swift in Sources */ = {isa = PBXBuildFile; fileRef = 0898F7B4263C63510083FE10 /* SettingsDetails.swift */; };
		0898F7B7263C63660083FE10 /* SettingsDetailView.swift in Sources */ = {isa = PBXBuildFile; fileRef = 0898F7B6263C63660083FE10 /* SettingsDetailView.swift */; };
		089F11552600F8F200732A12 /* OpeningScreen.swift in Sources */ = {isa = PBXBuildFile; fileRef = 089F11542600F8F200732A12 /* OpeningScreen.swift */; };
		08A2D95A26002EC400905EA8 /* AppDelegate.swift in Sources */ = {isa = PBXBuildFile; fileRef = 08A2D95926002EC400905EA8 /* AppDelegate.swift */; };
		08A2D95C26002EC400905EA8 /* SceneDelegate.swift in Sources */ = {isa = PBXBuildFile; fileRef = 08A2D95B26002EC400905EA8 /* SceneDelegate.swift */; };
		08A2D95F26002EC400905EA8 /* EvoCultiva.xcdatamodeld in Sources */ = {isa = PBXBuildFile; fileRef = 08A2D95D26002EC400905EA8 /* EvoCultiva.xcdatamodeld */; };
		08A2D96126002EC400905EA8 /* MainMenu.swift in Sources */ = {isa = PBXBuildFile; fileRef = 08A2D96026002EC400905EA8 /* MainMenu.swift */; };
		08A2D96326002EC500905EA8 /* Assets.xcassets in Resources */ = {isa = PBXBuildFile; fileRef = 08A2D96226002EC500905EA8 /* Assets.xcassets */; };
		08A2D96626002EC500905EA8 /* Preview Assets.xcassets in Resources */ = {isa = PBXBuildFile; fileRef = 08A2D96526002EC500905EA8 /* Preview Assets.xcassets */; };
		08A2D96926002EC500905EA8 /* LaunchScreen.storyboard in Resources */ = {isa = PBXBuildFile; fileRef = 08A2D96726002EC500905EA8 /* LaunchScreen.storyboard */; };
		08A2D97426002EC600905EA8 /* EvoCultivaTests.swift in Sources */ = {isa = PBXBuildFile; fileRef = 08A2D97326002EC600905EA8 /* EvoCultivaTests.swift */; };
		08A2D97F26002EC600905EA8 /* EvoCultivaUITests.swift in Sources */ = {isa = PBXBuildFile; fileRef = 08A2D97E26002EC600905EA8 /* EvoCultivaUITests.swift */; };
/* End PBXBuildFile section */

/* Begin PBXContainerItemProxy section */
		08A2D97026002EC600905EA8 /* PBXContainerItemProxy */ = {
			isa = PBXContainerItemProxy;
			containerPortal = 08A2D94E26002EC400905EA8 /* Project object */;
			proxyType = 1;
			remoteGlobalIDString = 08A2D95526002EC400905EA8;
			remoteInfo = EvoCultiva;
		};
		08A2D97B26002EC600905EA8 /* PBXContainerItemProxy */ = {
			isa = PBXContainerItemProxy;
			containerPortal = 08A2D94E26002EC400905EA8 /* Project object */;
			proxyType = 1;
			remoteGlobalIDString = 08A2D95526002EC400905EA8;
			remoteInfo = EvoCultiva;
		};
/* End PBXContainerItemProxy section */

/* Begin PBXFileReference section */
		0826B5B5261F2F0C0017B480 /* HerbiaryDetails.swift */ = {isa = PBXFileReference; lastKnownFileType = sourcecode.swift; path = HerbiaryDetails.swift; sourceTree = "<group>"; };
		0826B5B7261F2F730017B480 /* HerbiaryDetailView.swift */ = {isa = PBXFileReference; lastKnownFileType = sourcecode.swift; path = HerbiaryDetailView.swift; sourceTree = "<group>"; };
		0850967F260BB2AE00D7668C /* LoginPage.swift */ = {isa = PBXFileReference; lastKnownFileType = sourcecode.swift; path = LoginPage.swift; sourceTree = "<group>"; };
		08509681260BB35100D7668C /* DataManager.swift */ = {isa = PBXFileReference; lastKnownFileType = sourcecode.swift; path = DataManager.swift; sourceTree = "<group>"; };
		08509683260BEBE500D7668C /* CalculatorPage.swift */ = {isa = PBXFileReference; lastKnownFileType = sourcecode.swift; path = CalculatorPage.swift; sourceTree = "<group>"; };
		08509685260BFEE300D7668C /* CalculatorDetails.swift */ = {isa = PBXFileReference; lastKnownFileType = sourcecode.swift; path = CalculatorDetails.swift; sourceTree = "<group>"; };
		0850968A260CCF7400D7668C /* DetailView.swift */ = {isa = PBXFileReference; lastKnownFileType = sourcecode.swift; path = DetailView.swift; sourceTree = "<group>"; };
		0850968C260D059500D7668C /* CalendarPage.swift */ = {isa = PBXFileReference; lastKnownFileType = sourcecode.swift; path = CalendarPage.swift; sourceTree = "<group>"; };
		0898F7B0263C62F80083FE10 /* HerbiaryUI .swift */ = {isa = PBXFileReference; fileEncoding = 4; lastKnownFileType = sourcecode.swift; name = "HerbiaryUI .swift"; path = "EvoCultiva/Settings page/HerbiaryUI .swift"; sourceTree = SOURCE_ROOT; };
		0898F7B2263C63380083FE10 /* SettingsUI .swift */ = {isa = PBXFileReference; fileEncoding = 4; lastKnownFileType = sourcecode.swift; path = "SettingsUI .swift"; sourceTree = "<group>"; };
		0898F7B4263C63510083FE10 /* SettingsDetails.swift */ = {isa = PBXFileReference; fileEncoding = 4; lastKnownFileType = sourcecode.swift; name = SettingsDetails.swift; path = ../Herbiary/SettingsDetails.swift; sourceTree = "<group>"; };
		0898F7B6263C63660083FE10 /* SettingsDetailView.swift */ = {isa = PBXFileReference; fileEncoding = 4; lastKnownFileType = sourcecode.swift; name = SettingsDetailView.swift; path = ../Herbiary/SettingsDetailView.swift; sourceTree = "<group>"; };
		089F11542600F8F200732A12 /* OpeningScreen.swift */ = {isa = PBXFileReference; lastKnownFileType = sourcecode.swift; path = OpeningScreen.swift; sourceTree = "<group>"; };
		08A2D95626002EC400905EA8 /* EvoCultiva.app */ = {isa = PBXFileReference; explicitFileType = wrapper.application; includeInIndex = 0; path = EvoCultiva.app; sourceTree = BUILT_PRODUCTS_DIR; };
		08A2D95926002EC400905EA8 /* AppDelegate.swift */ = {isa = PBXFileReference; lastKnownFileType = sourcecode.swift; path = AppDelegate.swift; sourceTree = "<group>"; };
		08A2D95B26002EC400905EA8 /* SceneDelegate.swift */ = {isa = PBXFileReference; lastKnownFileType = sourcecode.swift; path = SceneDelegate.swift; sourceTree = "<group>"; };
		08A2D95E26002EC400905EA8 /* EvoCultiva.xcdatamodel */ = {isa = PBXFileReference; lastKnownFileType = wrapper.xcdatamodel; path = EvoCultiva.xcdatamodel; sourceTree = "<group>"; };
		08A2D96026002EC400905EA8 /* MainMenu.swift */ = {isa = PBXFileReference; lastKnownFileType = sourcecode.swift; path = MainMenu.swift; sourceTree = "<group>"; };
		08A2D96226002EC500905EA8 /* Assets.xcassets */ = {isa = PBXFileReference; lastKnownFileType = folder.assetcatalog; path = Assets.xcassets; sourceTree = "<group>"; };
		08A2D96526002EC500905EA8 /* Preview Assets.xcassets */ = {isa = PBXFileReference; lastKnownFileType = folder.assetcatalog; path = "Preview Assets.xcassets"; sourceTree = "<group>"; };
		08A2D96826002EC500905EA8 /* Base */ = {isa = PBXFileReference; lastKnownFileType = file.storyboard; name = Base; path = Base.lproj/LaunchScreen.storyboard; sourceTree = "<group>"; };
		08A2D96A26002EC500905EA8 /* Info.plist */ = {isa = PBXFileReference; lastKnownFileType = text.plist.xml; path = Info.plist; sourceTree = "<group>"; };
		08A2D96F26002EC600905EA8 /* EvoCultivaTests.xctest */ = {isa = PBXFileReference; explicitFileType = wrapper.cfbundle; includeInIndex = 0; path = EvoCultivaTests.xctest; sourceTree = BUILT_PRODUCTS_DIR; };
		08A2D97326002EC600905EA8 /* EvoCultivaTests.swift */ = {isa = PBXFileReference; lastKnownFileType = sourcecode.swift; path = EvoCultivaTests.swift; sourceTree = "<group>"; };
		08A2D97526002EC600905EA8 /* Info.plist */ = {isa = PBXFileReference; lastKnownFileType = text.plist.xml; path = Info.plist; sourceTree = "<group>"; };
		08A2D97A26002EC600905EA8 /* EvoCultivaUITests.xctest */ = {isa = PBXFileReference; explicitFileType = wrapper.cfbundle; includeInIndex = 0; path = EvoCultivaUITests.xctest; sourceTree = BUILT_PRODUCTS_DIR; };
		08A2D97E26002EC600905EA8 /* EvoCultivaUITests.swift */ = {isa = PBXFileReference; lastKnownFileType = sourcecode.swift; path = EvoCultivaUITests.swift; sourceTree = "<group>"; };
		08A2D98026002EC600905EA8 /* Info.plist */ = {isa = PBXFileReference; lastKnownFileType = text.plist.xml; path = Info.plist; sourceTree = "<group>"; };
/* End PBXFileReference section */

/* Begin PBXFrameworksBuildPhase section */
		08A2D95326002EC400905EA8 /* Frameworks */ = {
			isa = PBXFrameworksBuildPhase;
			buildActionMask = 2147483647;
			files = (
			);
			runOnlyForDeploymentPostprocessing = 0;
		};
		08A2D96C26002EC600905EA8 /* Frameworks */ = {
			isa = PBXFrameworksBuildPhase;
			buildActionMask = 2147483647;
			files = (
			);
			runOnlyForDeploymentPostprocessing = 0;
		};
		08A2D97726002EC600905EA8 /* Frameworks */ = {
			isa = PBXFrameworksBuildPhase;
			buildActionMask = 2147483647;
			files = (
			);
			runOnlyForDeploymentPostprocessing = 0;
		};
/* End PBXFrameworksBuildPhase section */

/* Begin PBXGroup section */
		0826B5B4261F2D9A0017B480 /* Herbiary */ = {
			isa = PBXGroup;
			children = (
				0898F7B0263C62F80083FE10 /* HerbiaryUI .swift */,
				0826B5B5261F2F0C0017B480 /* HerbiaryDetails.swift */,
				0826B5B7261F2F730017B480 /* HerbiaryDetailView.swift */,
			);
			path = Herbiary;
			sourceTree = "<group>";
		};
		08509688260BFF2900D7668C /* Calculator */ = {
			isa = PBXGroup;
			children = (
				08509683260BEBE500D7668C /* CalculatorPage.swift */,
				08509685260BFEE300D7668C /* CalculatorDetails.swift */,
				0850968A260CCF7400D7668C /* DetailView.swift */,
			);
			path = Calculator;
			sourceTree = "<group>";
		};
		08509689260BFF5700D7668C /* Delegation */ = {
			isa = PBXGroup;
			children = (
				08A2D95926002EC400905EA8 /* AppDelegate.swift */,
				08A2D95B26002EC400905EA8 /* SceneDelegate.swift */,
			);
			path = Delegation;
			sourceTree = "<group>";
		};
		0850968E260D29F800D7668C /* Data Manager */ = {
			isa = PBXGroup;
			children = (
				08509681260BB35100D7668C /* DataManager.swift */,
			);
			path = "Data Manager";
			sourceTree = "<group>";
		};
		0888681A26162B7A0043FC1A /* Calendar */ = {
			isa = PBXGroup;
			children = (
				0850968C260D059500D7668C /* CalendarPage.swift */,
			);
			path = Calendar;
			sourceTree = "<group>";
		};
		0888681B26162B940043FC1A /* Settings page */ = {
			isa = PBXGroup;
			children = (
				0898F7B2263C63380083FE10 /* SettingsUI .swift */,
				0898F7B4263C63510083FE10 /* SettingsDetails.swift */,
				0898F7B6263C63660083FE10 /* SettingsDetailView.swift */,
			);
			path = "Settings page";
			sourceTree = "<group>";
		};
		08A2D94D26002EC400905EA8 = {
			isa = PBXGroup;
			children = (
				08A2D95826002EC400905EA8 /* EvoCultiva */,
				08A2D97226002EC600905EA8 /* EvoCultivaTests */,
				08A2D97D26002EC600905EA8 /* EvoCultivaUITests */,
				08A2D95726002EC400905EA8 /* Products */,
			);
			sourceTree = "<group>";
		};
		08A2D95726002EC400905EA8 /* Products */ = {
			isa = PBXGroup;
			children = (
				08A2D95626002EC400905EA8 /* EvoCultiva.app */,
				08A2D96F26002EC600905EA8 /* EvoCultivaTests.xctest */,
				08A2D97A26002EC600905EA8 /* EvoCultivaUITests.xctest */,
			);
			name = Products;
			sourceTree = "<group>";
		};
		08A2D95826002EC400905EA8 /* EvoCultiva */ = {
			isa = PBXGroup;
			children = (
				08509689260BFF5700D7668C /* Delegation */,
				0850967F260BB2AE00D7668C /* LoginPage.swift */,
				08A2D96026002EC400905EA8 /* MainMenu.swift */,
				0826B5B4261F2D9A0017B480 /* Herbiary */,
				0888681B26162B940043FC1A /* Settings page */,
				08509688260BFF2900D7668C /* Calculator */,
				0850968E260D29F800D7668C /* Data Manager */,
				0888681A26162B7A0043FC1A /* Calendar */,
				089F11542600F8F200732A12 /* OpeningScreen.swift */,
				08A2D96226002EC500905EA8 /* Assets.xcassets */,
				08A2D96726002EC500905EA8 /* LaunchScreen.storyboard */,
				08A2D96A26002EC500905EA8 /* Info.plist */,
				08A2D95D26002EC400905EA8 /* EvoCultiva.xcdatamodeld */,
				08A2D96426002EC500905EA8 /* Preview Content */,
			);
			path = EvoCultiva;
			sourceTree = "<group>";
		};
		08A2D96426002EC500905EA8 /* Preview Content */ = {
			isa = PBXGroup;
			children = (
				08A2D96526002EC500905EA8 /* Preview Assets.xcassets */,
			);
			path = "Preview Content";
			sourceTree = "<group>";
		};
		08A2D97226002EC600905EA8 /* EvoCultivaTests */ = {
			isa = PBXGroup;
			children = (
				08A2D97326002EC600905EA8 /* EvoCultivaTests.swift */,
				08A2D97526002EC600905EA8 /* Info.plist */,
			);
			path = EvoCultivaTests;
			sourceTree = "<group>";
		};
		08A2D97D26002EC600905EA8 /* EvoCultivaUITests */ = {
			isa = PBXGroup;
			children = (
				08A2D97E26002EC600905EA8 /* EvoCultivaUITests.swift */,
				08A2D98026002EC600905EA8 /* Info.plist */,
			);
			path = EvoCultivaUITests;
			sourceTree = "<group>";
		};
/* End PBXGroup section */

/* Begin PBXNativeTarget section */
		08A2D95526002EC400905EA8 /* EvoCultiva */ = {
			isa = PBXNativeTarget;
			buildConfigurationList = 08A2D98326002EC600905EA8 /* Build configuration list for PBXNativeTarget "EvoCultiva" */;
			buildPhases = (
				08A2D95226002EC400905EA8 /* Sources */,
				08A2D95326002EC400905EA8 /* Frameworks */,
				08A2D95426002EC400905EA8 /* Resources */,
			);
			buildRules = (
			);
			dependencies = (
			);
			name = EvoCultiva;
			productName = EvoCultiva;
			productReference = 08A2D95626002EC400905EA8 /* EvoCultiva.app */;
			productType = "com.apple.product-type.application";
		};
		08A2D96E26002EC600905EA8 /* EvoCultivaTests */ = {
			isa = PBXNativeTarget;
			buildConfigurationList = 08A2D98626002EC600905EA8 /* Build configuration list for PBXNativeTarget "EvoCultivaTests" */;
			buildPhases = (
				08A2D96B26002EC600905EA8 /* Sources */,
				08A2D96C26002EC600905EA8 /* Frameworks */,
				08A2D96D26002EC600905EA8 /* Resources */,
			);
			buildRules = (
			);
			dependencies = (
				08A2D97126002EC600905EA8 /* PBXTargetDependency */,
			);
			name = EvoCultivaTests;
			productName = EvoCultivaTests;
			productReference = 08A2D96F26002EC600905EA8 /* EvoCultivaTests.xctest */;
			productType = "com.apple.product-type.bundle.unit-test";
		};
		08A2D97926002EC600905EA8 /* EvoCultivaUITests */ = {
			isa = PBXNativeTarget;
			buildConfigurationList = 08A2D98926002EC600905EA8 /* Build configuration list for PBXNativeTarget "EvoCultivaUITests" */;
			buildPhases = (
				08A2D97626002EC600905EA8 /* Sources */,
				08A2D97726002EC600905EA8 /* Frameworks */,
				08A2D97826002EC600905EA8 /* Resources */,
			);
			buildRules = (
			);
			dependencies = (
				08A2D97C26002EC600905EA8 /* PBXTargetDependency */,
			);
			name = EvoCultivaUITests;
			productName = EvoCultivaUITests;
			productReference = 08A2D97A26002EC600905EA8 /* EvoCultivaUITests.xctest */;
			productType = "com.apple.product-type.bundle.ui-testing";
		};
/* End PBXNativeTarget section */

/* Begin PBXProject section */
		08A2D94E26002EC400905EA8 /* Project object */ = {
			isa = PBXProject;
			attributes = {
				LastSwiftUpdateCheck = 1170;
				LastUpgradeCheck = 1170;
				ORGANIZATIONNAME = "Javier Bateman";
				TargetAttributes = {
					08A2D95526002EC400905EA8 = {
						CreatedOnToolsVersion = 11.7;
					};
					08A2D96E26002EC600905EA8 = {
						CreatedOnToolsVersion = 11.7;
						TestTargetID = 08A2D95526002EC400905EA8;
					};
					08A2D97926002EC600905EA8 = {
						CreatedOnToolsVersion = 11.7;
						TestTargetID = 08A2D95526002EC400905EA8;
					};
				};
			};
			buildConfigurationList = 08A2D95126002EC400905EA8 /* Build configuration list for PBXProject "EvoCultiva" */;
			compatibilityVersion = "Xcode 9.3";
			developmentRegion = en;
			hasScannedForEncodings = 0;
			knownRegions = (
				en,
				Base,
			);
			mainGroup = 08A2D94D26002EC400905EA8;
			productRefGroup = 08A2D95726002EC400905EA8 /* Products */;
			projectDirPath = "";
			projectRoot = "";
			targets = (
				08A2D95526002EC400905EA8 /* EvoCultiva */,
				08A2D96E26002EC600905EA8 /* EvoCultivaTests */,
				08A2D97926002EC600905EA8 /* EvoCultivaUITests */,
			);
		};
/* End PBXProject section */

/* Begin PBXResourcesBuildPhase section */
		08A2D95426002EC400905EA8 /* Resources */ = {
			isa = PBXResourcesBuildPhase;
			buildActionMask = 2147483647;
			files = (
				08A2D96926002EC500905EA8 /* LaunchScreen.storyboard in Resources */,
				08A2D96626002EC500905EA8 /* Preview Assets.xcassets in Resources */,
				08A2D96326002EC500905EA8 /* Assets.xcassets in Resources */,
			);
			runOnlyForDeploymentPostprocessing = 0;
		};
		08A2D96D26002EC600905EA8 /* Resources */ = {
			isa = PBXResourcesBuildPhase;
			buildActionMask = 2147483647;
			files = (
			);
			runOnlyForDeploymentPostprocessing = 0;
		};
		08A2D97826002EC600905EA8 /* Resources */ = {
			isa = PBXResourcesBuildPhase;
			buildActionMask = 2147483647;
			files = (
			);
			runOnlyForDeploymentPostprocessing = 0;
		};
/* End PBXResourcesBuildPhase section */

/* Begin PBXSourcesBuildPhase section */
		08A2D95226002EC400905EA8 /* Sources */ = {
			isa = PBXSourcesBuildPhase;
			buildActionMask = 2147483647;
			files = (
				0826B5B6261F2F0C0017B480 /* HerbiaryDetails.swift in Sources */,
				089F11552600F8F200732A12 /* OpeningScreen.swift in Sources */,
				08A2D95A26002EC400905EA8 /* AppDelegate.swift in Sources */,
				08A2D95F26002EC400905EA8 /* EvoCultiva.xcdatamodeld in Sources */,
				08509686260BFEE300D7668C /* CalculatorDetails.swift in Sources */,
				0898F7B7263C63660083FE10 /* SettingsDetailView.swift in Sources */,
				08509682260BB35100D7668C /* DataManager.swift in Sources */,
				08A2D96126002EC400905EA8 /* MainMenu.swift in Sources */,
				0898F7B5263C63510083FE10 /* SettingsDetails.swift in Sources */,
				0898F7B3263C63380083FE10 /* SettingsUI .swift in Sources */,
				0850968D260D059500D7668C /* CalendarPage.swift in Sources */,
				08509680260BB2AE00D7668C /* LoginPage.swift in Sources */,
				08509684260BEBE500D7668C /* CalculatorPage.swift in Sources */,
				08A2D95C26002EC400905EA8 /* SceneDelegate.swift in Sources */,
				0898F7B1263C62F80083FE10 /* HerbiaryUI .swift in Sources */,
				0850968B260CCF7400D7668C /* DetailView.swift in Sources */,
				0826B5B8261F2F730017B480 /* HerbiaryDetailView.swift in Sources */,
			);
			runOnlyForDeploymentPostprocessing = 0;
		};
		08A2D96B26002EC600905EA8 /* Sources */ = {
			isa = PBXSourcesBuildPhase;
			buildActionMask = 2147483647;
			files = (
				08A2D97426002EC600905EA8 /* EvoCultivaTests.swift in Sources */,
			);
			runOnlyForDeploymentPostprocessing = 0;
		};
		08A2D97626002EC600905EA8 /* Sources */ = {
			isa = PBXSourcesBuildPhase;
			buildActionMask = 2147483647;
			files = (
				08A2D97F26002EC600905EA8 /* EvoCultivaUITests.swift in Sources */,
			);
			runOnlyForDeploymentPostprocessing = 0;
		};
/* End PBXSourcesBuildPhase section */

/* Begin PBXTargetDependency section */
		08A2D97126002EC600905EA8 /* PBXTargetDependency */ = {
			isa = PBXTargetDependency;
			target = 08A2D95526002EC400905EA8 /* EvoCultiva */;
			targetProxy = 08A2D97026002EC600905EA8 /* PBXContainerItemProxy */;
		};
		08A2D97C26002EC600905EA8 /* PBXTargetDependency */ = {
			isa = PBXTargetDependency;
			target = 08A2D95526002EC400905EA8 /* EvoCultiva */;
			targetProxy = 08A2D97B26002EC600905EA8 /* PBXContainerItemProxy */;
		};
/* End PBXTargetDependency section */

/* Begin PBXVariantGroup section */
		08A2D96726002EC500905EA8 /* LaunchScreen.storyboard */ = {
			isa = PBXVariantGroup;
			children = (
				08A2D96826002EC500905EA8 /* Base */,
			);
			name = LaunchScreen.storyboard;
			sourceTree = "<group>";
		};
/* End PBXVariantGroup section */

/* Begin XCBuildConfiguration section */
		08A2D98126002EC600905EA8 /* Debug */ = {
			isa = XCBuildConfiguration;
			buildSettings = {
				ALWAYS_SEARCH_USER_PATHS = NO;
				CLANG_ANALYZER_NONNULL = YES;
				CLANG_ANALYZER_NUMBER_OBJECT_CONVERSION = YES_AGGRESSIVE;
				CLANG_CXX_LANGUAGE_STANDARD = "gnu++14";
				CLANG_CXX_LIBRARY = "libc++";
				CLANG_ENABLE_MODULES = YES;
				CLANG_ENABLE_OBJC_ARC = YES;
				CLANG_ENABLE_OBJC_WEAK = YES;
				CLANG_WARN_BLOCK_CAPTURE_AUTORELEASING = YES;
				CLANG_WARN_BOOL_CONVERSION = YES;
				CLANG_WARN_COMMA = YES;
				CLANG_WARN_CONSTANT_CONVERSION = YES;
				CLANG_WARN_DEPRECATED_OBJC_IMPLEMENTATIONS = YES;
				CLANG_WARN_DIRECT_OBJC_ISA_USAGE = YES_ERROR;
				CLANG_WARN_DOCUMENTATION_COMMENTS = YES;
				CLANG_WARN_EMPTY_BODY = YES;
				CLANG_WARN_ENUM_CONVERSION = YES;
				CLANG_WARN_INFINITE_RECURSION = YES;
				CLANG_WARN_INT_CONVERSION = YES;
				CLANG_WARN_NON_LITERAL_NULL_CONVERSION = YES;
				CLANG_WARN_OBJC_IMPLICIT_RETAIN_SELF = YES;
				CLANG_WARN_OBJC_LITERAL_CONVERSION = YES;
				CLANG_WARN_OBJC_ROOT_CLASS = YES_ERROR;
				CLANG_WARN_RANGE_LOOP_ANALYSIS = YES;
				CLANG_WARN_STRICT_PROTOTYPES = YES;
				CLANG_WARN_SUSPICIOUS_MOVE = YES;
				CLANG_WARN_UNGUARDED_AVAILABILITY = YES_AGGRESSIVE;
				CLANG_WARN_UNREACHABLE_CODE = YES;
				CLANG_WARN__DUPLICATE_METHOD_MATCH = YES;
				COPY_PHASE_STRIP = NO;
				DEBUG_INFORMATION_FORMAT = dwarf;
				ENABLE_STRICT_OBJC_MSGSEND = YES;
				ENABLE_TESTABILITY = YES;
				GCC_C_LANGUAGE_STANDARD = gnu11;
				GCC_DYNAMIC_NO_PIC = NO;
				GCC_NO_COMMON_BLOCKS = YES;
				GCC_OPTIMIZATION_LEVEL = 0;
				GCC_PREPROCESSOR_DEFINITIONS = (
					"DEBUG=1",
					"$(inherited)",
				);
				GCC_WARN_64_TO_32_BIT_CONVERSION = YES;
				GCC_WARN_ABOUT_RETURN_TYPE = YES_ERROR;
				GCC_WARN_UNDECLARED_SELECTOR = YES;
				GCC_WARN_UNINITIALIZED_AUTOS = YES_AGGRESSIVE;
				GCC_WARN_UNUSED_FUNCTION = YES;
				GCC_WARN_UNUSED_VARIABLE = YES;
				IPHONEOS_DEPLOYMENT_TARGET = 13.7;
				MTL_ENABLE_DEBUG_INFO = INCLUDE_SOURCE;
				MTL_FAST_MATH = YES;
				ONLY_ACTIVE_ARCH = YES;
				SDKROOT = iphoneos;
				SWIFT_ACTIVE_COMPILATION_CONDITIONS = DEBUG;
				SWIFT_OPTIMIZATION_LEVEL = "-Onone";
			};
			name = Debug;
		};
		08A2D98226002EC600905EA8 /* Release */ = {
			isa = XCBuildConfiguration;
			buildSettings = {
				ALWAYS_SEARCH_USER_PATHS = NO;
				CLANG_ANALYZER_NONNULL = YES;
				CLANG_ANALYZER_NUMBER_OBJECT_CONVERSION = YES_AGGRESSIVE;
				CLANG_CXX_LANGUAGE_STANDARD = "gnu++14";
				CLANG_CXX_LIBRARY = "libc++";
				CLANG_ENABLE_MODULES = YES;
				CLANG_ENABLE_OBJC_ARC = YES;
				CLANG_ENABLE_OBJC_WEAK = YES;
				CLANG_WARN_BLOCK_CAPTURE_AUTORELEASING = YES;
				CLANG_WARN_BOOL_CONVERSION = YES;
				CLANG_WARN_COMMA = YES;
				CLANG_WARN_CONSTANT_CONVERSION = YES;
				CLANG_WARN_DEPRECATED_OBJC_IMPLEMENTATIONS = YES;
				CLANG_WARN_DIRECT_OBJC_ISA_USAGE = YES_ERROR;
				CLANG_WARN_DOCUMENTATION_COMMENTS = YES;
				CLANG_WARN_EMPTY_BODY = YES;
				CLANG_WARN_ENUM_CONVERSION = YES;
				CLANG_WARN_INFINITE_RECURSION = YES;
				CLANG_WARN_INT_CONVERSION = YES;
				CLANG_WARN_NON_LITERAL_NULL_CONVERSION = YES;
				CLANG_WARN_OBJC_IMPLICIT_RETAIN_SELF = YES;
				CLANG_WARN_OBJC_LITERAL_CONVERSION = YES;
				CLANG_WARN_OBJC_ROOT_CLASS = YES_ERROR;
				CLANG_WARN_RANGE_LOOP_ANALYSIS = YES;
				CLANG_WARN_STRICT_PROTOTYPES = YES;
				CLANG_WARN_SUSPICIOUS_MOVE = YES;
				CLANG_WARN_UNGUARDED_AVAILABILITY = YES_AGGRESSIVE;
				CLANG_WARN_UNREACHABLE_CODE = YES;
				CLANG_WARN__DUPLICATE_METHOD_MATCH = YES;
				COPY_PHASE_STRIP = NO;
				DEBUG_INFORMATION_FORMAT = "dwarf-with-dsym";
				ENABLE_NS_ASSERTIONS = NO;
				ENABLE_STRICT_OBJC_MSGSEND = YES;
				GCC_C_LANGUAGE_STANDARD = gnu11;
				GCC_NO_COMMON_BLOCKS = YES;
				GCC_WARN_64_TO_32_BIT_CONVERSION = YES;
				GCC_WARN_ABOUT_RETURN_TYPE = YES_ERROR;
				GCC_WARN_UNDECLARED_SELECTOR = YES;
				GCC_WARN_UNINITIALIZED_AUTOS = YES_AGGRESSIVE;
				GCC_WARN_UNUSED_FUNCTION = YES;
				GCC_WARN_UNUSED_VARIABLE = YES;
				IPHONEOS_DEPLOYMENT_TARGET = 13.7;
				MTL_ENABLE_DEBUG_INFO = NO;
				MTL_FAST_MATH = YES;
				SDKROOT = iphoneos;
				SWIFT_COMPILATION_MODE = wholemodule;
				SWIFT_OPTIMIZATION_LEVEL = "-O";
				VALIDATE_PRODUCT = YES;
			};
			name = Release;
		};
		08A2D98426002EC600905EA8 /* Debug */ = {
			isa = XCBuildConfiguration;
			buildSettings = {
				ASSETCATALOG_COMPILER_APPICON_NAME = AppIcon;
				CODE_SIGN_STYLE = Automatic;
				DEVELOPMENT_ASSET_PATHS = "\"EvoCultiva/Preview Content\"";
				ENABLE_PREVIEWS = YES;
				INFOPLIST_FILE = EvoCultiva/Info.plist;
				LD_RUNPATH_SEARCH_PATHS = (
					"$(inherited)",
					"@executable_path/Frameworks",
				);
				PRODUCT_BUNDLE_IDENTIFIER = EvoCultiva.EvoCultiva;
				PRODUCT_NAME = "$(TARGET_NAME)";
				SWIFT_VERSION = 5.0;
				TARGETED_DEVICE_FAMILY = "1,2";
			};
			name = Debug;
		};
		08A2D98526002EC600905EA8 /* Release */ = {
			isa = XCBuildConfiguration;
			buildSettings = {
				ASSETCATALOG_COMPILER_APPICON_NAME = AppIcon;
				CODE_SIGN_STYLE = Automatic;
				DEVELOPMENT_ASSET_PATHS = "\"EvoCultiva/Preview Content\"";
				ENABLE_PREVIEWS = YES;
				INFOPLIST_FILE = EvoCultiva/Info.plist;
				LD_RUNPATH_SEARCH_PATHS = (
					"$(inherited)",
					"@executable_path/Frameworks",
				);
				PRODUCT_BUNDLE_IDENTIFIER = EvoCultiva.EvoCultiva;
				PRODUCT_NAME = "$(TARGET_NAME)";
				SWIFT_VERSION = 5.0;
				TARGETED_DEVICE_FAMILY = "1,2";
			};
			name = Release;
		};
		08A2D98726002EC600905EA8 /* Debug */ = {
			isa = XCBuildConfiguration;
			buildSettings = {
				ALWAYS_EMBED_SWIFT_STANDARD_LIBRARIES = YES;
				BUNDLE_LOADER = "$(TEST_HOST)";
				CODE_SIGN_STYLE = Automatic;
				INFOPLIST_FILE = EvoCultivaTests/Info.plist;
				IPHONEOS_DEPLOYMENT_TARGET = 13.7;
				LD_RUNPATH_SEARCH_PATHS = (
					"$(inherited)",
					"@executable_path/Frameworks",
					"@loader_path/Frameworks",
				);
				PRODUCT_BUNDLE_IDENTIFIER = EvoCultiva.EvoCultivaTests;
				PRODUCT_NAME = "$(TARGET_NAME)";
				SWIFT_VERSION = 5.0;
				TARGETED_DEVICE_FAMILY = "1,2";
				TEST_HOST = "$(BUILT_PRODUCTS_DIR)/EvoCultiva.app/EvoCultiva";
			};
			name = Debug;
		};
		08A2D98826002EC600905EA8 /* Release */ = {
			isa = XCBuildConfiguration;
			buildSettings = {
				ALWAYS_EMBED_SWIFT_STANDARD_LIBRARIES = YES;
				BUNDLE_LOADER = "$(TEST_HOST)";
				CODE_SIGN_STYLE = Automatic;
				INFOPLIST_FILE = EvoCultivaTests/Info.plist;
				IPHONEOS_DEPLOYMENT_TARGET = 13.7;
				LD_RUNPATH_SEARCH_PATHS = (
					"$(inherited)",
					"@executable_path/Frameworks",
					"@loader_path/Frameworks",
				);
				PRODUCT_BUNDLE_IDENTIFIER = EvoCultiva.EvoCultivaTests;
				PRODUCT_NAME = "$(TARGET_NAME)";
				SWIFT_VERSION = 5.0;
				TARGETED_DEVICE_FAMILY = "1,2";
				TEST_HOST = "$(BUILT_PRODUCTS_DIR)/EvoCultiva.app/EvoCultiva";
			};
			name = Release;
		};
		08A2D98A26002EC600905EA8 /* Debug */ = {
			isa = XCBuildConfiguration;
			buildSettings = {
				ALWAYS_EMBED_SWIFT_STANDARD_LIBRARIES = YES;
				CODE_SIGN_STYLE = Automatic;
				INFOPLIST_FILE = EvoCultivaUITests/Info.plist;
				LD_RUNPATH_SEARCH_PATHS = (
					"$(inherited)",
					"@executable_path/Frameworks",
					"@loader_path/Frameworks",
				);
				PRODUCT_BUNDLE_IDENTIFIER = EvoCultiva.EvoCultivaUITests;
				PRODUCT_NAME = "$(TARGET_NAME)";
				SWIFT_VERSION = 5.0;
				TARGETED_DEVICE_FAMILY = "1,2";
				TEST_TARGET_NAME = EvoCultiva;
			};
			name = Debug;
		};
		08A2D98B26002EC600905EA8 /* Release */ = {
			isa = XCBuildConfiguration;
			buildSettings = {
				ALWAYS_EMBED_SWIFT_STANDARD_LIBRARIES = YES;
				CODE_SIGN_STYLE = Automatic;
				INFOPLIST_FILE = EvoCultivaUITests/Info.plist;
				LD_RUNPATH_SEARCH_PATHS = (
					"$(inherited)",
					"@executable_path/Frameworks",
					"@loader_path/Frameworks",
				);
				PRODUCT_BUNDLE_IDENTIFIER = EvoCultiva.EvoCultivaUITests;
				PRODUCT_NAME = "$(TARGET_NAME)";
				SWIFT_VERSION = 5.0;
				TARGETED_DEVICE_FAMILY = "1,2";
				TEST_TARGET_NAME = EvoCultiva;
			};
			name = Release;
		};
/* End XCBuildConfiguration section */

/* Begin XCConfigurationList section */
		08A2D95126002EC400905EA8 /* Build configuration list for PBXProject "EvoCultiva" */ = {
			isa = XCConfigurationList;
			buildConfigurations = (
				08A2D98126002EC600905EA8 /* Debug */,
				08A2D98226002EC600905EA8 /* Release */,
			);
			defaultConfigurationIsVisible = 0;
			defaultConfigurationName = Release;
		};
		08A2D98326002EC600905EA8 /* Build configuration list for PBXNativeTarget "EvoCultiva" */ = {
			isa = XCConfigurationList;
			buildConfigurations = (
				08A2D98426002EC600905EA8 /* Debug */,
				08A2D98526002EC600905EA8 /* Release */,
			);
			defaultConfigurationIsVisible = 0;
			defaultConfigurationName = Release;
		};
		08A2D98626002EC600905EA8 /* Build configuration list for PBXNativeTarget "EvoCultivaTests" */ = {
			isa = XCConfigurationList;
			buildConfigurations = (
				08A2D98726002EC600905EA8 /* Debug */,
				08A2D98826002EC600905EA8 /* Release */,
			);
			defaultConfigurationIsVisible = 0;
			defaultConfigurationName = Release;
		};
		08A2D98926002EC600905EA8 /* Build configuration list for PBXNativeTarget "EvoCultivaUITests" */ = {
			isa = XCConfigurationList;
			buildConfigurations = (
				08A2D98A26002EC600905EA8 /* Debug */,
				08A2D98B26002EC600905EA8 /* Release */,
			);
			defaultConfigurationIsVisible = 0;
			defaultConfigurationName = Release;
		};
/* End XCConfigurationList section */

/* Begin XCVersionGroup section */
		08A2D95D26002EC400905EA8 /* EvoCultiva.xcdatamodeld */ = {
			isa = XCVersionGroup;
			children = (
				08A2D95E26002EC400905EA8 /* EvoCultiva.xcdatamodel */,
			);
			currentVersion = 08A2D95E26002EC400905EA8 /* EvoCultiva.xcdatamodel */;
			path = EvoCultiva.xcdatamodeld;
			sourceTree = "<group>";
			versionGroupType = wrapper.xcdatamodel;
		};
/* End XCVersionGroup section */
	};
	rootObject = 08A2D94E26002EC400905EA8 /* Project object */;
}
